// !$*UTF8*$!
{
	archiveVersion = 1;
	classes = {
	};
	objectVersion = 46;
	objects = {

/* Begin PBXBuildFile section */
		49258B4F19B379ED002A0E00 /* Foundation.framework in Frameworks */ = {isa = PBXBuildFile; fileRef = 49258B4E19B379ED002A0E00 /* Foundation.framework */; };
		49258B5119B379ED002A0E00 /* CoreGraphics.framework in Frameworks */ = {isa = PBXBuildFile; fileRef = 49258B5019B379ED002A0E00 /* CoreGraphics.framework */; };
		49258B5319B379ED002A0E00 /* UIKit.framework in Frameworks */ = {isa = PBXBuildFile; fileRef = 49258B5219B379ED002A0E00 /* UIKit.framework */; };
		49258B5919B379ED002A0E00 /* InfoPlist.strings in Resources */ = {isa = PBXBuildFile; fileRef = 49258B5719B379ED002A0E00 /* InfoPlist.strings */; };
		49258B5B19B379ED002A0E00 /* main.m in Sources */ = {isa = PBXBuildFile; fileRef = 49258B5A19B379ED002A0E00 /* main.m */; };
		49258B5F19B379ED002A0E00 /* AppDelegate.m in Sources */ = {isa = PBXBuildFile; fileRef = 49258B5E19B379ED002A0E00 /* AppDelegate.m */; };
		49258B6119B379ED002A0E00 /* Images.xcassets in Resources */ = {isa = PBXBuildFile; fileRef = 49258B6019B379ED002A0E00 /* Images.xcassets */; };
		49258B6819B379EE002A0E00 /* XCTest.framework in Frameworks */ = {isa = PBXBuildFile; fileRef = 49258B6719B379EE002A0E00 /* XCTest.framework */; };
		49258B6919B379EE002A0E00 /* Foundation.framework in Frameworks */ = {isa = PBXBuildFile; fileRef = 49258B4E19B379ED002A0E00 /* Foundation.framework */; };
		49258B6A19B379EE002A0E00 /* UIKit.framework in Frameworks */ = {isa = PBXBuildFile; fileRef = 49258B5219B379ED002A0E00 /* UIKit.framework */; };
		49258B7219B379EE002A0E00 /* InfoPlist.strings in Resources */ = {isa = PBXBuildFile; fileRef = 49258B7019B379EE002A0E00 /* InfoPlist.strings */; };
		49258B7419B379EE002A0E00 /* MDW_CaptureManager_ExampleTests.m in Sources */ = {isa = PBXBuildFile; fileRef = 49258B7319B379EE002A0E00 /* MDW_CaptureManager_ExampleTests.m */; };
/* End PBXBuildFile section */

/* Begin PBXContainerItemProxy section */
		49258B6B19B379EE002A0E00 /* PBXContainerItemProxy */ = {
			isa = PBXContainerItemProxy;
			containerPortal = 49258B4319B379ED002A0E00 /* Project object */;
			proxyType = 1;
			remoteGlobalIDString = 49258B4A19B379ED002A0E00;
			remoteInfo = "MDW_CaptureManager-Example";
		};
/* End PBXContainerItemProxy section */

/* Begin PBXFileReference section */
		49258B4B19B379ED002A0E00 /* MDW_CaptureManager-Example.app */ = {isa = PBXFileReference; explicitFileType = wrapper.application; includeInIndex = 0; path = "MDW_CaptureManager-Example.app"; sourceTree = BUILT_PRODUCTS_DIR; };
		49258B4E19B379ED002A0E00 /* Foundation.framework */ = {isa = PBXFileReference; lastKnownFileType = wrapper.framework; name = Foundation.framework; path = System/Library/Frameworks/Foundation.framework; sourceTree = SDKROOT; };
		49258B5019B379ED002A0E00 /* CoreGraphics.framework */ = {isa = PBXFileReference; lastKnownFileType = wrapper.framework; name = CoreGraphics.framework; path = System/Library/Frameworks/CoreGraphics.framework; sourceTree = SDKROOT; };
		49258B5219B379ED002A0E00 /* UIKit.framework */ = {isa = PBXFileReference; lastKnownFileType = wrapper.framework; name = UIKit.framework; path = System/Library/Frameworks/UIKit.framework; sourceTree = SDKROOT; };
		49258B5619B379ED002A0E00 /* MDW_CaptureManager-Example-Info.plist */ = {isa = PBXFileReference; lastKnownFileType = text.plist.xml; path = "MDW_CaptureManager-Example-Info.plist"; sourceTree = "<group>"; };
		49258B5819B379ED002A0E00 /* en */ = {isa = PBXFileReference; lastKnownFileType = text.plist.strings; name = en; path = en.lproj/InfoPlist.strings; sourceTree = "<group>"; };
		49258B5A19B379ED002A0E00 /* main.m */ = {isa = PBXFileReference; lastKnownFileType = sourcecode.c.objc; path = main.m; sourceTree = "<group>"; };
		49258B5C19B379ED002A0E00 /* MDW_CaptureManager-Example-Prefix.pch */ = {isa = PBXFileReference; lastKnownFileType = sourcecode.c.h; path = "MDW_CaptureManager-Example-Prefix.pch"; sourceTree = "<group>"; };
		49258B5D19B379ED002A0E00 /* AppDelegate.h */ = {isa = PBXFileReference; lastKnownFileType = sourcecode.c.h; path = AppDelegate.h; sourceTree = "<group>"; };
		49258B5E19B379ED002A0E00 /* AppDelegate.m */ = {isa = PBXFileReference; lastKnownFileType = sourcecode.c.objc; path = AppDelegate.m; sourceTree = "<group>"; };
		49258B6019B379ED002A0E00 /* Images.xcassets */ = {isa = PBXFileReference; lastKnownFileType = folder.assetcatalog; path = Images.xcassets; sourceTree = "<group>"; };
		49258B6619B379EE002A0E00 /* MDW_CaptureManager-ExampleTests.xctest */ = {isa = PBXFileReference; explicitFileType = wrapper.cfbundle; includeInIndex = 0; path = "MDW_CaptureManager-ExampleTests.xctest"; sourceTree = BUILT_PRODUCTS_DIR; };
		49258B6719B379EE002A0E00 /* XCTest.framework */ = {isa = PBXFileReference; lastKnownFileType = wrapper.framework; name = XCTest.framework; path = Library/Frameworks/XCTest.framework; sourceTree = DEVELOPER_DIR; };
		49258B6F19B379EE002A0E00 /* MDW_CaptureManager-ExampleTests-Info.plist */ = {isa = PBXFileReference; lastKnownFileType = text.plist.xml; path = "MDW_CaptureManager-ExampleTests-Info.plist"; sourceTree = "<group>"; };
		49258B7119B379EE002A0E00 /* en */ = {isa = PBXFileReference; lastKnownFileType = text.plist.strings; name = en; path = en.lproj/InfoPlist.strings; sourceTree = "<group>"; };
		49258B7319B379EE002A0E00 /* MDW_CaptureManager_ExampleTests.m */ = {isa = PBXFileReference; lastKnownFileType = sourcecode.c.objc; path = MDW_CaptureManager_ExampleTests.m; sourceTree = "<group>"; };
/* End PBXFileReference section */

/* Begin PBXFrameworksBuildPhase section */
		49258B4819B379ED002A0E00 /* Frameworks */ = {
			isa = PBXFrameworksBuildPhase;
			buildActionMask = 2147483647;
			files = (
				49258B5119B379ED002A0E00 /* CoreGraphics.framework in Frameworks */,
				49258B5319B379ED002A0E00 /* UIKit.framework in Frameworks */,
				49258B4F19B379ED002A0E00 /* Foundation.framework in Frameworks */,
			);
			runOnlyForDeploymentPostprocessing = 0;
		};
		49258B6319B379EE002A0E00 /* Frameworks */ = {
			isa = PBXFrameworksBuildPhase;
			buildActionMask = 2147483647;
			files = (
				49258B6819B379EE002A0E00 /* XCTest.framework in Frameworks */,
				49258B6A19B379EE002A0E00 /* UIKit.framework in Frameworks */,
				49258B6919B379EE002A0E00 /* Foundation.framework in Frameworks */,
			);
			runOnlyForDeploymentPostprocessing = 0;
		};
/* End PBXFrameworksBuildPhase section */

/* Begin PBXGroup section */
		49258B4219B379ED002A0E00 = {
			isa = PBXGroup;
			children = (
				49258B5419B379ED002A0E00 /* MDW_CaptureManager-Example */,
				49258B6D19B379EE002A0E00 /* MDW_CaptureManager-ExampleTests */,
				49258B4D19B379ED002A0E00 /* Frameworks */,
				49258B4C19B379ED002A0E00 /* Products */,
			);
			sourceTree = "<group>";
		};
		49258B4C19B379ED002A0E00 /* Products */ = {
			isa = PBXGroup;
			children = (
				49258B4B19B379ED002A0E00 /* MDW_CaptureManager-Example.app */,
				49258B6619B379EE002A0E00 /* MDW_CaptureManager-ExampleTests.xctest */,
			);
			name = Products;
			sourceTree = "<group>";
		};
		49258B4D19B379ED002A0E00 /* Frameworks */ = {
			isa = PBXGroup;
			children = (
				49258B4E19B379ED002A0E00 /* Foundation.framework */,
				49258B5019B379ED002A0E00 /* CoreGraphics.framework */,
				49258B5219B379ED002A0E00 /* UIKit.framework */,
				49258B6719B379EE002A0E00 /* XCTest.framework */,
			);
			name = Frameworks;
			sourceTree = "<group>";
		};
		49258B5419B379ED002A0E00 /* MDW_CaptureManager-Example */ = {
			isa = PBXGroup;
			children = (
				49258B5D19B379ED002A0E00 /* AppDelegate.h */,
				49258B5E19B379ED002A0E00 /* AppDelegate.m */,
				49258B6019B379ED002A0E00 /* Images.xcassets */,
				49258B5519B379ED002A0E00 /* Supporting Files */,
			);
			path = "MDW_CaptureManager-Example";
			sourceTree = "<group>";
		};
		49258B5519B379ED002A0E00 /* Supporting Files */ = {
			isa = PBXGroup;
			children = (
				49258B5619B379ED002A0E00 /* MDW_CaptureManager-Example-Info.plist */,
				49258B5719B379ED002A0E00 /* InfoPlist.strings */,
				49258B5A19B379ED002A0E00 /* main.m */,
				49258B5C19B379ED002A0E00 /* MDW_CaptureManager-Example-Prefix.pch */,
			);
			name = "Supporting Files";
			sourceTree = "<group>";
		};
		49258B6D19B379EE002A0E00 /* MDW_CaptureManager-ExampleTests */ = {
			isa = PBXGroup;
			children = (
				49258B7319B379EE002A0E00 /* MDW_CaptureManager_ExampleTests.m */,
				49258B6E19B379EE002A0E00 /* Supporting Files */,
			);
			path = "MDW_CaptureManager-ExampleTests";
			sourceTree = "<group>";
		};
		49258B6E19B379EE002A0E00 /* Supporting Files */ = {
			isa = PBXGroup;
			children = (
				49258B6F19B379EE002A0E00 /* MDW_CaptureManager-ExampleTests-Info.plist */,
				49258B7019B379EE002A0E00 /* InfoPlist.strings */,
			);
			name = "Supporting Files";
			sourceTree = "<group>";
		};
/* End PBXGroup section */

/* Begin PBXNativeTarget section */
		49258B4A19B379ED002A0E00 /* MDW_CaptureManager-Example */ = {
			isa = PBXNativeTarget;
			buildConfigurationList = 49258B7719B379EE002A0E00 /* Build configuration list for PBXNativeTarget "MDW_CaptureManager-Example" */;
			buildPhases = (
				49258B4719B379ED002A0E00 /* Sources */,
				49258B4819B379ED002A0E00 /* Frameworks */,
				49258B4919B379ED002A0E00 /* Resources */,
			);
			buildRules = (
			);
			dependencies = (
			);
			name = "MDW_CaptureManager-Example";
			productName = "MDW_CaptureManager-Example";
			productReference = 49258B4B19B379ED002A0E00 /* MDW_CaptureManager-Example.app */;
			productType = "com.apple.product-type.application";
		};
		49258B6519B379EE002A0E00 /* MDW_CaptureManager-ExampleTests */ = {
			isa = PBXNativeTarget;
			buildConfigurationList = 49258B7A19B379EE002A0E00 /* Build configuration list for PBXNativeTarget "MDW_CaptureManager-ExampleTests" */;
			buildPhases = (
				49258B6219B379EE002A0E00 /* Sources */,
				49258B6319B379EE002A0E00 /* Frameworks */,
				49258B6419B379EE002A0E00 /* Resources */,
			);
			buildRules = (
			);
			dependencies = (
				49258B6C19B379EE002A0E00 /* PBXTargetDependency */,
			);
			name = "MDW_CaptureManager-ExampleTests";
			productName = "MDW_CaptureManager-ExampleTests";
			productReference = 49258B6619B379EE002A0E00 /* MDW_CaptureManager-ExampleTests.xctest */;
			productType = "com.apple.product-type.bundle.unit-test";
		};
/* End PBXNativeTarget section */

/* Begin PBXProject section */
		49258B4319B379ED002A0E00 /* Project object */ = {
			isa = PBXProject;
			attributes = {
				LastUpgradeCheck = 0510;
				ORGANIZATIONNAME = "Miguel dos Santos Vaz Dias Wicht";
				TargetAttributes = {
					49258B6519B379EE002A0E00 = {
						TestTargetID = 49258B4A19B379ED002A0E00;
					};
				};
			};
			buildConfigurationList = 49258B4619B379ED002A0E00 /* Build configuration list for PBXProject "MDW_CaptureManager-Example" */;
			compatibilityVersion = "Xcode 3.2";
			developmentRegion = English;
			hasScannedForEncodings = 0;
			knownRegions = (
				en,
			);
			mainGroup = 49258B4219B379ED002A0E00;
			productRefGroup = 49258B4C19B379ED002A0E00 /* Products */;
			projectDirPath = "";
			projectRoot = "";
			targets = (
				49258B4A19B379ED002A0E00 /* MDW_CaptureManager-Example */,
				49258B6519B379EE002A0E00 /* MDW_CaptureManager-ExampleTests */,
			);
		};
/* End PBXProject section */

/* Begin PBXResourcesBuildPhase section */
		49258B4919B379ED002A0E00 /* Resources */ = {
			isa = PBXResourcesBuildPhase;
			buildActionMask = 2147483647;
			files = (
				49258B5919B379ED002A0E00 /* InfoPlist.strings in Resources */,
				49258B6119B379ED002A0E00 /* Images.xcassets in Resources */,
			);
			runOnlyForDeploymentPostprocessing = 0;
		};
		49258B6419B379EE002A0E00 /* Resources */ = {
			isa = PBXResourcesBuildPhase;
			buildActionMask = 2147483647;
			files = (
				49258B7219B379EE002A0E00 /* InfoPlist.strings in Resources */,
			);
			runOnlyForDeploymentPostprocessing = 0;
		};
/* End PBXResourcesBuildPhase section */

/* Begin PBXSourcesBuildPhase section */
		49258B4719B379ED002A0E00 /* Sources */ = {
			isa = PBXSourcesBuildPhase;
			buildActionMask = 2147483647;
			files = (
				49258B5F19B379ED002A0E00 /* AppDelegate.m in Sources */,
				49258B5B19B379ED002A0E00 /* main.m in Sources */,
			);
			runOnlyForDeploymentPostprocessing = 0;
		};
		49258B6219B379EE002A0E00 /* Sources */ = {
			isa = PBXSourcesBuildPhase;
			buildActionMask = 2147483647;
			files = (
				49258B7419B379EE002A0E00 /* MDW_CaptureManager_ExampleTests.m in Sources */,
			);
			runOnlyForDeploymentPostprocessing = 0;
		};
/* End PBXSourcesBuildPhase section */

/* Begin PBXTargetDependency section */
		49258B6C19B379EE002A0E00 /* PBXTargetDependency */ = {
			isa = PBXTargetDependency;
			target = 49258B4A19B379ED002A0E00 /* MDW_CaptureManager-Example */;
			targetProxy = 49258B6B19B379EE002A0E00 /* PBXContainerItemProxy */;
		};
/* End PBXTargetDependency section */

/* Begin PBXVariantGroup section */
		49258B5719B379ED002A0E00 /* InfoPlist.strings */ = {
			isa = PBXVariantGroup;
			children = (
				49258B5819B379ED002A0E00 /* en */,
			);
			name = InfoPlist.strings;
			sourceTree = "<group>";
		};
		49258B7019B379EE002A0E00 /* InfoPlist.strings */ = {
			isa = PBXVariantGroup;
			children = (
				49258B7119B379EE002A0E00 /* en */,
			);
			name = InfoPlist.strings;
			sourceTree = "<group>";
		};
/* End PBXVariantGroup section */

/* Begin XCBuildConfiguration section */
		49258B7519B379EE002A0E00 /* Debug */ = {
			isa = XCBuildConfiguration;
			buildSettings = {
				ALWAYS_SEARCH_USER_PATHS = NO;
				CLANG_CXX_LANGUAGE_STANDARD = "gnu++0x";
				CLANG_CXX_LIBRARY = "libc++";
				CLANG_ENABLE_MODULES = YES;
				CLANG_ENABLE_OBJC_ARC = YES;
				CLANG_WARN_BOOL_CONVERSION = YES;
				CLANG_WARN_CONSTANT_CONVERSION = YES;
				CLANG_WARN_DIRECT_OBJC_ISA_USAGE = YES_ERROR;
				CLANG_WARN_EMPTY_BODY = YES;
				CLANG_WARN_ENUM_CONVERSION = YES;
				CLANG_WARN_INT_CONVERSION = YES;
				CLANG_WARN_OBJC_ROOT_CLASS = YES_ERROR;
				CLANG_WARN__DUPLICATE_METHOD_MATCH = YES;
				"CODE_SIGN_IDENTITY[sdk=iphoneos*]" = "iPhone Developer";
				COPY_PHASE_STRIP = NO;
				GCC_C_LANGUAGE_STANDARD = gnu99;
				GCC_DYNAMIC_NO_PIC = NO;
				GCC_OPTIMIZATION_LEVEL = 0;
				GCC_PREPROCESSOR_DEFINITIONS = (
					"DEBUG=1",
					"$(inherited)",
				);
				GCC_SYMBOLS_PRIVATE_EXTERN = NO;
				GCC_WARN_64_TO_32_BIT_CONVERSION = YES;
				GCC_WARN_ABOUT_RETURN_TYPE = YES_ERROR;
				GCC_WARN_UNDECLARED_SELECTOR = YES;
				GCC_WARN_UNINITIALIZED_AUTOS = YES_AGGRESSIVE;
				GCC_WARN_UNUSED_FUNCTION = YES;
				GCC_WARN_UNUSED_VARIABLE = YES;
				IPHONEOS_DEPLOYMENT_TARGET = 7.1;
				ONLY_ACTIVE_ARCH = YES;
				SDKROOT = iphoneos;
				TARGETED_DEVICE_FAMILY = "1,2";
			};
			name = Debug;
		};
		49258B7619B379EE002A0E00 /* Release */ = {
			isa = XCBuildConfiguration;
			buildSettings = {
				ALWAYS_SEARCH_USER_PATHS = NO;
				CLANG_CXX_LANGUAGE_STANDARD = "gnu++0x";
				CLANG_CXX_LIBRARY = "libc++";
				CLANG_ENABLE_MODULES = YES;
				CLANG_ENABLE_OBJC_ARC = YES;
				CLANG_WARN_BOOL_CONVERSION = YES;
				CLANG_WARN_CONSTANT_CONVERSION = YES;
				CLANG_WARN_DIRECT_OBJC_ISA_USAGE = YES_ERROR;
				CLANG_WARN_EMPTY_BODY = YES;
				CLANG_WARN_ENUM_CONVERSION = YES;
				CLANG_WARN_INT_CONVERSION = YES;
				CLANG_WARN_OBJC_ROOT_CLASS = YES_ERROR;
				CLANG_WARN__DUPLICATE_METHOD_MATCH = YES;
				"CODE_SIGN_IDENTITY[sdk=iphoneos*]" = "iPhone Developer";
				COPY_PHASE_STRIP = YES;
				ENABLE_NS_ASSERTIONS = NO;
				GCC_C_LANGUAGE_STANDARD = gnu99;
				GCC_WARN_64_TO_32_BIT_CONVERSION = YES;
				GCC_WARN_ABOUT_RETURN_TYPE = YES_ERROR;
				GCC_WARN_UNDECLARED_SELECTOR = YES;
				GCC_WARN_UNINITIALIZED_AUTOS = YES_AGGRESSIVE;
				GCC_WARN_UNUSED_FUNCTION = YES;
				GCC_WARN_UNUSED_VARIABLE = YES;
				IPHONEOS_DEPLOYMENT_TARGET = 7.1;
				SDKROOT = iphoneos;
				TARGETED_DEVICE_FAMILY = "1,2";
				VALIDATE_PRODUCT = YES;
			};
			name = Release;
		};
		49258B7819B379EE002A0E00 /* Debug */ = {
			isa = XCBuildConfiguration;
			buildSettings = {
				ASSETCATALOG_COMPILER_APPICON_NAME = AppIcon;
				ASSETCATALOG_COMPILER_LAUNCHIMAGE_NAME = LaunchImage;
				GCC_PRECOMPILE_PREFIX_HEADER = YES;
				GCC_PREFIX_HEADER = "MDW_CaptureManager-Example/MDW_CaptureManager-Example-Prefix.pch";
				INFOPLIST_FILE = "MDW_CaptureManager-Example/MDW_CaptureManager-Example-Info.plist";
				PRODUCT_NAME = "$(TARGET_NAME)";
				WRAPPER_EXTENSION = app;
			};
			name = Debug;
		};
		49258B7919B379EE002A0E00 /* Release */ = {
			isa = XCBuildConfiguration;
			buildSettings = {
				ASSETCATALOG_COMPILER_APPICON_NAME = AppIcon;
				ASSETCATALOG_COMPILER_LAUNCHIMAGE_NAME = LaunchImage;
				GCC_PRECOMPILE_PREFIX_HEADER = YES;
				GCC_PREFIX_HEADER = "MDW_CaptureManager-Example/MDW_CaptureManager-Example-Prefix.pch";
				INFOPLIST_FILE = "MDW_CaptureManager-Example/MDW_CaptureManager-Example-Info.plist";
				PRODUCT_NAME = "$(TARGET_NAME)";
				WRAPPER_EXTENSION = app;
			};
			name = Release;
		};
		49258B7B19B379EE002A0E00 /* Debug */ = {
			isa = XCBuildConfiguration;
			buildSettings = {
				BUNDLE_LOADER = "$(BUILT_PRODUCTS_DIR)/MDW_CaptureManager-Example.app/MDW_CaptureManager-Example";
				FRAMEWORK_SEARCH_PATHS = (
					"$(SDKROOT)/Developer/Library/Frameworks",
					"$(inherited)",
					"$(DEVELOPER_FRAMEWORKS_DIR)",
				);
				GCC_PRECOMPILE_PREFIX_HEADER = YES;
				GCC_PREFIX_HEADER = "MDW_CaptureManager-Example/MDW_CaptureManager-Example-Prefix.pch";
				GCC_PREPROCESSOR_DEFINITIONS = (
					"DEBUG=1",
					"$(inherited)",
				);
				INFOPLIST_FILE = "MDW_CaptureManager-ExampleTests/MDW_CaptureManager-ExampleTests-Info.plist";
				PRODUCT_NAME = "$(TARGET_NAME)";
				TEST_HOST = "$(BUNDLE_LOADER)";
				WRAPPER_EXTENSION = xctest;
			};
			name = Debug;
		};
		49258B7C19B379EE002A0E00 /* Release */ = {
			isa = XCBuildConfiguration;
			buildSettings = {
				BUNDLE_LOADER = "$(BUILT_PRODUCTS_DIR)/MDW_CaptureManager-Example.app/MDW_CaptureManager-Example";
				FRAMEWORK_SEARCH_PATHS = (
					"$(SDKROOT)/Developer/Library/Frameworks",
					"$(inherited)",
					"$(DEVELOPER_FRAMEWORKS_DIR)",
				);
				GCC_PRECOMPILE_PREFIX_HEADER = YES;
				GCC_PREFIX_HEADER = "MDW_CaptureManager-Example/MDW_CaptureManager-Example-Prefix.pch";
				INFOPLIST_FILE = "MDW_CaptureManager-ExampleTests/MDW_CaptureManager-ExampleTests-Info.plist";
				PRODUCT_NAME = "$(TARGET_NAME)";
				TEST_HOST = "$(BUNDLE_LOADER)";
				WRAPPER_EXTENSION = xctest;
			};
			name = Release;
		};
/* End XCBuildConfiguration section */

/* Begin XCConfigurationList section */
		49258B4619B379ED002A0E00 /* Build configuration list for PBXProject "MDW_CaptureManager-Example" */ = {
			isa = XCConfigurationList;
			buildConfigurations = (
				49258B7519B379EE002A0E00 /* Debug */,
				49258B7619B379EE002A0E00 /* Release */,
			);
			defaultConfigurationIsVisible = 0;
			defaultConfigurationName = Release;
		};
		49258B7719B379EE002A0E00 /* Build configuration list for PBXNativeTarget "MDW_CaptureManager-Example" */ = {
			isa = XCConfigurationList;
			buildConfigurations = (
				49258B7819B379EE002A0E00 /* Debug */,
				49258B7919B379EE002A0E00 /* Release */,
			);
			defaultConfigurationIsVisible = 0;
		};
		49258B7A19B379EE002A0E00 /* Build configuration list for PBXNativeTarget "MDW_CaptureManager-ExampleTests" */ = {
			isa = XCConfigurationList;
			buildConfigurations = (
				49258B7B19B379EE002A0E00 /* Debug */,
				49258B7C19B379EE002A0E00 /* Release */,
			);
			defaultConfigurationIsVisible = 0;
		};
/* End XCConfigurationList section */
	};
	rootObject = 49258B4319B379ED002A0E00 /* Project object */;
}
